
Microsoft Visual Studio Solution File, Format Version 12.00
# Visual Studio Version 17
VisualStudioVersion = 17.0.31903.59
MinimumVisualStudioVersion = 10.0.40219.1
Project("{FAE04EC0-301F-11D3-BF4B-00C04F79EFBC}") = "ApexRestaurant.Repository", "ApexRestaurant.Repository\ApexRestaurant.Repository.csproj", "{64D5CDE2-90EE-422A-9D8D-80CA7559A0A4}"
EndProject
Project("{FAE04EC0-301F-11D3-BF4B-00C04F79EFBC}") = "ApexRestaurant.Services", "ApexRestaurant.Services\ApexRestaurant.Services.csproj", "{003167B6-C6E3-409E-892E-023C6A5167E9}"
EndProject
Project("{FAE04EC0-301F-11D3-BF4B-00C04F79EFBC}") = "ApexRestaurant.Api", "ApexRestaurant.Api\ApexRestaurant.Api.csproj", "{5CB5D2F5-A0BA-40A4-B819-E85F642DB786}"
EndProject
Project("{FAE04EC0-301F-11D3-BF4B-00C04F79EFBC}") = "ApexRestaurant.Mvc", "ApexRestaurant.Mvc\ApexRestaurant.Mvc.csproj", "{E9B37283-9228-4BD1-84A4-1E8D215D21E5}"
EndProject
Global
	GlobalSection(SolutionConfigurationPlatforms) = preSolution
		Debug|Any CPU = Debug|Any CPU
		Release|Any CPU = Release|Any CPU
	EndGlobalSection
	GlobalSection(SolutionProperties) = preSolution
		HideSolutionNode = FALSE
	EndGlobalSection
	GlobalSection(ProjectConfigurationPlatforms) = postSolution
		{64D5CDE2-90EE-422A-9D8D-80CA7559A0A4}.Debug|Any CPU.ActiveCfg = Debug|Any CPU
		{64D5CDE2-90EE-422A-9D8D-80CA7559A0A4}.Debug|Any CPU.Build.0 = Debug|Any CPU
		{64D5CDE2-90EE-422A-9D8D-80CA7559A0A4}.Release|Any CPU.ActiveCfg = Release|Any CPU
		{64D5CDE2-90EE-422A-9D8D-80CA7559A0A4}.Release|Any CPU.Build.0 = Release|Any CPU
		{003167B6-C6E3-409E-892E-023C6A5167E9}.Debug|Any CPU.ActiveCfg = Debug|Any CPU
		{003167B6-C6E3-409E-892E-023C6A5167E9}.Debug|Any CPU.Build.0 = Debug|Any CPU
		{003167B6-C6E3-409E-892E-023C6A5167E9}.Release|Any CPU.ActiveCfg = Release|Any CPU
		{003167B6-C6E3-409E-892E-023C6A5167E9}.Release|Any CPU.Build.0 = Release|Any CPU
		{5CB5D2F5-A0BA-40A4-B819-E85F642DB786}.Debug|Any CPU.ActiveCfg = Debug|Any CPU
		{5CB5D2F5-A0BA-40A4-B819-E85F642DB786}.Debug|Any CPU.Build.0 = Debug|Any CPU
		{5CB5D2F5-A0BA-40A4-B819-E85F642DB786}.Release|Any CPU.ActiveCfg = Release|Any CPU
		{5CB5D2F5-A0BA-40A4-B819-E85F642DB786}.Release|Any CPU.Build.0 = Release|Any CPU
		{E9B37283-9228-4BD1-84A4-1E8D215D21E5}.Debug|Any CPU.ActiveCfg = Debug|Any CPU
		{E9B37283-9228-4BD1-84A4-1E8D215D21E5}.Debug|Any CPU.Build.0 = Debug|Any CPU
		{E9B37283-9228-4BD1-84A4-1E8D215D21E5}.Release|Any CPU.ActiveCfg = Release|Any CPU
		{E9B37283-9228-4BD1-84A4-1E8D215D21E5}.Release|Any CPU.Build.0 = Release|Any CPU
	EndGlobalSection
EndGlobal
